
Microsoft Visual Studio Solution File, Format Version 12.00
# Visual Studio Version 17
VisualStudioVersion = 17.3.32804.467
MinimumVisualStudioVersion = 10.0.40219.1
Project("{9A19103F-16F7-4668-BE54-9A1E7A4F7556}") = "CabInvoiceGenerator1", "CabInvoiceGenerator1\CabInvoiceGenerator1.csproj", "{239C1B83-4199-4DEA-BCAC-DF1AFE40A130}"
EndProject
Project("{FAE04EC0-301F-11D3-BF4B-00C04F79EFBC}") = "CabInvoiceGeneratorTest", "CabInvoiceGeneratorTest\CabInvoiceGeneratorTest.csproj", "{5F7085DD-10CE-4D6D-BAEE-8EDA0D736785}"
EndProject
Global
	GlobalSection(SolutionConfigurationPlatforms) = preSolution
		Debug|Any CPU = Debug|Any CPU
		Release|Any CPU = Release|Any CPU
	EndGlobalSection
	GlobalSection(ProjectConfigurationPlatforms) = postSolution
		{239C1B83-4199-4DEA-BCAC-DF1AFE40A130}.Debug|Any CPU.ActiveCfg = Debug|Any CPU
		{239C1B83-4199-4DEA-BCAC-DF1AFE40A130}.Debug|Any CPU.Build.0 = Debug|Any CPU
		{239C1B83-4199-4DEA-BCAC-DF1AFE40A130}.Release|Any CPU.ActiveCfg = Release|Any CPU
		{239C1B83-4199-4DEA-BCAC-DF1AFE40A130}.Release|Any CPU.Build.0 = Release|Any CPU
		{5F7085DD-10CE-4D6D-BAEE-8EDA0D736785}.Debug|Any CPU.ActiveCfg = Debug|Any CPU
		{5F7085DD-10CE-4D6D-BAEE-8EDA0D736785}.Debug|Any CPU.Build.0 = Debug|Any CPU
		{5F7085DD-10CE-4D6D-BAEE-8EDA0D736785}.Release|Any CPU.ActiveCfg = Release|Any CPU
		{5F7085DD-10CE-4D6D-BAEE-8EDA0D736785}.Release|Any CPU.Build.0 = Release|Any CPU
	EndGlobalSection
	GlobalSection(SolutionProperties) = preSolution
		HideSolutionNode = FALSE
	EndGlobalSection
	GlobalSection(ExtensibilityGlobals) = postSolution
		SolutionGuid = {7887ABBA-207C-406E-8C58-FBBAB5BDB20D}
	EndGlobalSection
EndGlobal
